
Microsoft Visual Studio Solution File, Format Version 12.00
# Visual Studio 15
VisualStudioVersion = 15.0.27004.2010
MinimumVisualStudioVersion = 10.0.40219.1
Project("{FAE04EC0-301F-11D3-BF4B-00C04F79EFBC}") = "ExtraLab", "ExtraLab\ExtraLab.csproj", "{A1E63783-0B4F-48E1-8F65-3FB72A6A2B66}"
EndProject
Global
	GlobalSection(SolutionConfigurationPlatforms) = preSolution
		Debug|Any CPU = Debug|Any CPU
		Release|Any CPU = Release|Any CPU
	EndGlobalSection
	GlobalSection(ProjectConfigurationPlatforms) = postSolution
		{A1E63783-0B4F-48E1-8F65-3FB72A6A2B66}.Debug|Any CPU.ActiveCfg = Debug|Any CPU
		{A1E63783-0B4F-48E1-8F65-3FB72A6A2B66}.Debug|Any CPU.Build.0 = Debug|Any CPU
		{A1E63783-0B4F-48E1-8F65-3FB72A6A2B66}.Release|Any CPU.ActiveCfg = Release|Any CPU
		{A1E63783-0B4F-48E1-8F65-3FB72A6A2B66}.Release|Any CPU.Build.0 = Release|Any CPU
	EndGlobalSection
	GlobalSection(SolutionProperties) = preSolution
		HideSolutionNode = FALSE
	EndGlobalSection
	GlobalSection(ExtensibilityGlobals) = postSolution
		SolutionGuid = {8E1D8CB7-8F66-47EF-B8C2-57D06D18290E}
	EndGlobalSection
EndGlobal
